
Microsoft Visual Studio Solution File, Format Version 12.00
# Visual Studio Version 16
VisualStudioVersion = 16.0.31729.503
MinimumVisualStudioVersion = 10.0.40219.1
Project("{8BC9CEB8-8B4A-11D0-8D11-00A0C91BC942}") = "BOJ_7662", "BOJ_7662\BOJ_7662.vcxproj", "{9531B6FF-BBA3-4513-8A9A-E5C850BA7642}"
EndProject
Global
	GlobalSection(SolutionConfigurationPlatforms) = preSolution
		Debug|x64 = Debug|x64
		Release|x64 = Release|x64
	EndGlobalSection
	GlobalSection(ProjectConfigurationPlatforms) = postSolution
		{9531B6FF-BBA3-4513-8A9A-E5C850BA7642}.Debug|x64.ActiveCfg = Debug|x64
		{9531B6FF-BBA3-4513-8A9A-E5C850BA7642}.Debug|x64.Build.0 = Debug|x64
		{9531B6FF-BBA3-4513-8A9A-E5C850BA7642}.Release|x64.ActiveCfg = Release|x64
		{9531B6FF-BBA3-4513-8A9A-E5C850BA7642}.Release|x64.Build.0 = Release|x64
	EndGlobalSection
	GlobalSection(SolutionProperties) = preSolution
		HideSolutionNode = FALSE
	EndGlobalSection
	GlobalSection(ExtensibilityGlobals) = postSolution
		SolutionGuid = {BB1A2564-1600-49A3-BAD1-F44A0C25B730}
	EndGlobalSection
EndGlobal
